
Microsoft Visual Studio Solution File, Format Version 12.00
# Visual Studio Version 16
VisualStudioVersion = 16.0.810.10
MinimumVisualStudioVersion = 10.0.40219.1
Project("{FAE04EC0-301F-11D3-BF4B-00C04F79EFBC}") = "RelatorioLivro", "RelatorioLivro.csproj", "{8EBD3D88-07A6-4AE6-99BE-879E67D3D826}"
EndProject
Global
	GlobalSection(SolutionConfigurationPlatforms) = preSolution
		Debug|Any CPU = Debug|Any CPU
		Release|Any CPU = Release|Any CPU
	EndGlobalSection
	GlobalSection(ProjectConfigurationPlatforms) = postSolution
		{8EBD3D88-07A6-4AE6-99BE-879E67D3D826}.Debug|Any CPU.ActiveCfg = Debug|Any CPU
		{8EBD3D88-07A6-4AE6-99BE-879E67D3D826}.Debug|Any CPU.Build.0 = Debug|Any CPU
		{8EBD3D88-07A6-4AE6-99BE-879E67D3D826}.Release|Any CPU.ActiveCfg = Release|Any CPU
		{8EBD3D88-07A6-4AE6-99BE-879E67D3D826}.Release|Any CPU.Build.0 = Release|Any CPU
	EndGlobalSection
	GlobalSection(SolutionProperties) = preSolution
		HideSolutionNode = FALSE
	EndGlobalSection
	GlobalSection(ExtensibilityGlobals) = postSolution
		SolutionGuid = {BD6B02FF-39E9-468B-B185-6FAC2F1F01C4}
	EndGlobalSection
EndGlobal
